
Microsoft Visual Studio Solution File, Format Version 10.00
# Visual Studio 2008
Project("{FAE04EC0-301F-11D3-BF4B-00C04F79EFBC}") = "PhoneDirectory", "PhoneDirectory\PhoneDirectory.csproj", "{916CF246-4764-4D61-A7F0-5C27CBE8455E}"
EndProject
Project("{2150E333-8FDC-42A3-9474-1A3956D46DE8}") = "Solution Items", "Solution Items", "{182E1A86-59BC-42DE-A5C8-9DA533611AE2}"
EndProject
Global
	GlobalSection(SolutionConfigurationPlatforms) = preSolution
		Debug|Any CPU = Debug|Any CPU
		Release|Any CPU = Release|Any CPU
	EndGlobalSection
	GlobalSection(ProjectConfigurationPlatforms) = postSolution
		{916CF246-4764-4D61-A7F0-5C27CBE8455E}.Debug|Any CPU.ActiveCfg = Debug|Any CPU
		{916CF246-4764-4D61-A7F0-5C27CBE8455E}.Debug|Any CPU.Build.0 = Debug|Any CPU
		{916CF246-4764-4D61-A7F0-5C27CBE8455E}.Release|Any CPU.ActiveCfg = Release|Any CPU
		{916CF246-4764-4D61-A7F0-5C27CBE8455E}.Release|Any CPU.Build.0 = Release|Any CPU
	EndGlobalSection
	GlobalSection(SolutionProperties) = preSolution
		HideSolutionNode = FALSE
	EndGlobalSection
EndGlobal
